
Microsoft Visual Studio Solution File, Format Version 12.00
# Visual Studio Version 17
VisualStudioVersion = 17.2.32630.192
MinimumVisualStudioVersion = 10.0.40219.1
Project("{9A19103F-16F7-4668-BE54-9A1E7A4F7556}") = "MIS.WebAPI", "MIS.WebAPI.csproj", "{40DA61D5-1D07-46D5-B79D-875690129913}"
EndProject
Project("{2150E333-8FDC-42A3-9474-1A3956D46DE8}") = "Core", "Core", "{392FE123-6EE2-44C9-9D65-773613CD7FD9}"
EndProject
Project("{2150E333-8FDC-42A3-9474-1A3956D46DE8}") = "Infrastructure", "Infrastructure", "{CD95CB5B-861A-435E-8465-D868BA6100A7}"
EndProject
Project("{2150E333-8FDC-42A3-9474-1A3956D46DE8}") = "Presentation", "Presentation", "{4A1A550B-B26A-4D43-91B2-B50CDBF448B0}"
EndProject
Project("{2150E333-8FDC-42A3-9474-1A3956D46DE8}") = "Tests", "Tests", "{FA4013D4-00DA-49D6-A50D-BF16507F72AC}"
EndProject
Project("{FAE04EC0-301F-11D3-BF4B-00C04F79EFBC}") = "MIS.Domain", "..\MIS.Domain\MIS.Domain.csproj", "{9E573FED-0DA8-4D82-BA8F-481F84CC1943}"
EndProject
Project("{FAE04EC0-301F-11D3-BF4B-00C04F79EFBC}") = "MIS.Application", "..\MIS.Application\MIS.Application.csproj", "{B855A10C-9672-4F0B-BC76-1E5D8D5CADCF}"
EndProject
Project("{FAE04EC0-301F-11D3-BF4B-00C04F79EFBC}") = "MIS.Infrastructure", "..\MIS.Infrastructure\MIS.Infrastructure.csproj", "{EC1BF994-2BD3-40E7-9E1D-FFC9AC1F9DE8}"
EndProject
Project("{FAE04EC0-301F-11D3-BF4B-00C04F79EFBC}") = "MIS.Persistence", "..\MIS.Persistence\MIS.Persistence.csproj", "{C308B04D-91F2-4D8F-AFE9-EE36E3255CD5}"
EndProject
Global
	GlobalSection(SolutionConfigurationPlatforms) = preSolution
		Debug|Any CPU = Debug|Any CPU
		Release|Any CPU = Release|Any CPU
	EndGlobalSection
	GlobalSection(ProjectConfigurationPlatforms) = postSolution
		{40DA61D5-1D07-46D5-B79D-875690129913}.Debug|Any CPU.ActiveCfg = Debug|Any CPU
		{40DA61D5-1D07-46D5-B79D-875690129913}.Debug|Any CPU.Build.0 = Debug|Any CPU
		{40DA61D5-1D07-46D5-B79D-875690129913}.Release|Any CPU.ActiveCfg = Release|Any CPU
		{40DA61D5-1D07-46D5-B79D-875690129913}.Release|Any CPU.Build.0 = Release|Any CPU
		{9E573FED-0DA8-4D82-BA8F-481F84CC1943}.Debug|Any CPU.ActiveCfg = Debug|Any CPU
		{9E573FED-0DA8-4D82-BA8F-481F84CC1943}.Debug|Any CPU.Build.0 = Debug|Any CPU
		{9E573FED-0DA8-4D82-BA8F-481F84CC1943}.Release|Any CPU.ActiveCfg = Release|Any CPU
		{9E573FED-0DA8-4D82-BA8F-481F84CC1943}.Release|Any CPU.Build.0 = Release|Any CPU
		{B855A10C-9672-4F0B-BC76-1E5D8D5CADCF}.Debug|Any CPU.ActiveCfg = Debug|Any CPU
		{B855A10C-9672-4F0B-BC76-1E5D8D5CADCF}.Debug|Any CPU.Build.0 = Debug|Any CPU
		{B855A10C-9672-4F0B-BC76-1E5D8D5CADCF}.Release|Any CPU.ActiveCfg = Release|Any CPU
		{B855A10C-9672-4F0B-BC76-1E5D8D5CADCF}.Release|Any CPU.Build.0 = Release|Any CPU
		{EC1BF994-2BD3-40E7-9E1D-FFC9AC1F9DE8}.Debug|Any CPU.ActiveCfg = Debug|Any CPU
		{EC1BF994-2BD3-40E7-9E1D-FFC9AC1F9DE8}.Debug|Any CPU.Build.0 = Debug|Any CPU
		{EC1BF994-2BD3-40E7-9E1D-FFC9AC1F9DE8}.Release|Any CPU.ActiveCfg = Release|Any CPU
		{EC1BF994-2BD3-40E7-9E1D-FFC9AC1F9DE8}.Release|Any CPU.Build.0 = Release|Any CPU
		{C308B04D-91F2-4D8F-AFE9-EE36E3255CD5}.Debug|Any CPU.ActiveCfg = Debug|Any CPU
		{C308B04D-91F2-4D8F-AFE9-EE36E3255CD5}.Debug|Any CPU.Build.0 = Debug|Any CPU
		{C308B04D-91F2-4D8F-AFE9-EE36E3255CD5}.Release|Any CPU.ActiveCfg = Release|Any CPU
		{C308B04D-91F2-4D8F-AFE9-EE36E3255CD5}.Release|Any CPU.Build.0 = Release|Any CPU
	EndGlobalSection
	GlobalSection(SolutionProperties) = preSolution
		HideSolutionNode = FALSE
	EndGlobalSection
	GlobalSection(NestedProjects) = preSolution
		{40DA61D5-1D07-46D5-B79D-875690129913} = {4A1A550B-B26A-4D43-91B2-B50CDBF448B0}
		{9E573FED-0DA8-4D82-BA8F-481F84CC1943} = {392FE123-6EE2-44C9-9D65-773613CD7FD9}
		{B855A10C-9672-4F0B-BC76-1E5D8D5CADCF} = {392FE123-6EE2-44C9-9D65-773613CD7FD9}
		{EC1BF994-2BD3-40E7-9E1D-FFC9AC1F9DE8} = {CD95CB5B-861A-435E-8465-D868BA6100A7}
		{C308B04D-91F2-4D8F-AFE9-EE36E3255CD5} = {CD95CB5B-861A-435E-8465-D868BA6100A7}
	EndGlobalSection
	GlobalSection(ExtensibilityGlobals) = postSolution
		SolutionGuid = {B96C9F89-0117-46D2-97B1-A7603BAC4AB6}
	EndGlobalSection
EndGlobal
